// !$*UTF8*$!
{
	archiveVersion = 1;
	classes = {
	};
	objectVersion = 46;
	objects = {

/* Begin PBXBuildFile section */
		8F26A38F18035248002710FA /* Foundation.framework in Frameworks */ = {isa = PBXBuildFile; fileRef = 8F26A38E18035248002710FA /* Foundation.framework */; };
		8F26A39118035248002710FA /* CoreGraphics.framework in Frameworks */ = {isa = PBXBuildFile; fileRef = 8F26A39018035248002710FA /* CoreGraphics.framework */; };
		8F26A39318035248002710FA /* UIKit.framework in Frameworks */ = {isa = PBXBuildFile; fileRef = 8F26A39218035248002710FA /* UIKit.framework */; };
		8F26A39918035248002710FA /* InfoPlist.strings in Resources */ = {isa = PBXBuildFile; fileRef = 8F26A39718035248002710FA /* InfoPlist.strings */; };
		8F26A39B18035248002710FA /* main.m in Sources */ = {isa = PBXBuildFile; fileRef = 8F26A39A18035248002710FA /* main.m */; };
		8F26A39F18035248002710FA /* AppDelegate.m in Sources */ = {isa = PBXBuildFile; fileRef = 8F26A39E18035248002710FA /* AppDelegate.m */; };
		8F26A3A218035248002710FA /* Main.storyboard in Resources */ = {isa = PBXBuildFile; fileRef = 8F26A3A018035248002710FA /* Main.storyboard */; };
		8F26A3A518035248002710FA /* ViewController.m in Sources */ = {isa = PBXBuildFile; fileRef = 8F26A3A418035248002710FA /* ViewController.m */; };
		8F26A3A718035248002710FA /* Images.xcassets in Resources */ = {isa = PBXBuildFile; fileRef = 8F26A3A618035248002710FA /* Images.xcassets */; };
		8F26A3AE18035248002710FA /* XCTest.framework in Frameworks */ = {isa = PBXBuildFile; fileRef = 8F26A3AD18035248002710FA /* XCTest.framework */; };
		8F26A3AF18035248002710FA /* Foundation.framework in Frameworks */ = {isa = PBXBuildFile; fileRef = 8F26A38E18035248002710FA /* Foundation.framework */; };
		8F26A3B018035248002710FA /* UIKit.framework in Frameworks */ = {isa = PBXBuildFile; fileRef = 8F26A39218035248002710FA /* UIKit.framework */; };
		8F26A3B818035248002710FA /* InfoPlist.strings in Resources */ = {isa = PBXBuildFile; fileRef = 8F26A3B618035248002710FA /* InfoPlist.strings */; };
		8F26A3BA18035248002710FA /* drinkTwoTests.m in Sources */ = {isa = PBXBuildFile; fileRef = 8F26A3B918035248002710FA /* drinkTwoTests.m */; };
		8F4D4B9F18081F86009AF689 /* SecondView.xib in Resources */ = {isa = PBXBuildFile; fileRef = 8F4D4B9E18081F86009AF689 /* SecondView.xib */; };
		8FD06D4F180A0C9700B59BA4 /* DrinkFactory.m in Sources */ = {isa = PBXBuildFile; fileRef = 8FD06D4E180A0C9700B59BA4 /* DrinkFactory.m */; };
		8FD06D52180A0DD900B59BA4 /* BaseDrink.m in Sources */ = {isa = PBXBuildFile; fileRef = 8FD06D51180A0DD900B59BA4 /* BaseDrink.m */; };
/* End PBXBuildFile section */

/* Begin PBXContainerItemProxy section */
		8F26A3B118035248002710FA /* PBXContainerItemProxy */ = {
			isa = PBXContainerItemProxy;
			containerPortal = 8F26A38318035248002710FA /* Project object */;
			proxyType = 1;
			remoteGlobalIDString = 8F26A38A18035248002710FA;
			remoteInfo = drinkTwo;
		};
/* End PBXContainerItemProxy section */

/* Begin PBXFileReference section */
		8F26A38B18035248002710FA /* drinkTwo.app */ = {isa = PBXFileReference; explicitFileType = wrapper.application; includeInIndex = 0; path = drinkTwo.app; sourceTree = BUILT_PRODUCTS_DIR; };
		8F26A38E18035248002710FA /* Foundation.framework */ = {isa = PBXFileReference; lastKnownFileType = wrapper.framework; name = Foundation.framework; path = System/Library/Frameworks/Foundation.framework; sourceTree = SDKROOT; };
		8F26A39018035248002710FA /* CoreGraphics.framework */ = {isa = PBXFileReference; lastKnownFileType = wrapper.framework; name = CoreGraphics.framework; path = System/Library/Frameworks/CoreGraphics.framework; sourceTree = SDKROOT; };
		8F26A39218035248002710FA /* UIKit.framework */ = {isa = PBXFileReference; lastKnownFileType = wrapper.framework; name = UIKit.framework; path = System/Library/Frameworks/UIKit.framework; sourceTree = SDKROOT; };
		8F26A39618035248002710FA /* drinkTwo-Info.plist */ = {isa = PBXFileReference; lastKnownFileType = text.plist.xml; path = "drinkTwo-Info.plist"; sourceTree = "<group>"; };
		8F26A39818035248002710FA /* en */ = {isa = PBXFileReference; lastKnownFileType = text.plist.strings; name = en; path = en.lproj/InfoPlist.strings; sourceTree = "<group>"; };
		8F26A39A18035248002710FA /* main.m */ = {isa = PBXFileReference; lastKnownFileType = sourcecode.c.objc; path = main.m; sourceTree = "<group>"; };
		8F26A39C18035248002710FA /* drinkTwo-Prefix.pch */ = {isa = PBXFileReference; lastKnownFileType = sourcecode.c.h; path = "drinkTwo-Prefix.pch"; sourceTree = "<group>"; };
		8F26A39D18035248002710FA /* AppDelegate.h */ = {isa = PBXFileReference; lastKnownFileType = sourcecode.c.h; path = AppDelegate.h; sourceTree = "<group>"; };
		8F26A39E18035248002710FA /* AppDelegate.m */ = {isa = PBXFileReference; lastKnownFileType = sourcecode.c.objc; path = AppDelegate.m; sourceTree = "<group>"; };
		8F26A3A118035248002710FA /* Base */ = {isa = PBXFileReference; lastKnownFileType = file.storyboard; name = Base; path = Base.lproj/Main.storyboard; sourceTree = "<group>"; };
		8F26A3A318035248002710FA /* ViewController.h */ = {isa = PBXFileReference; lastKnownFileType = sourcecode.c.h; path = ViewController.h; sourceTree = "<group>"; };
		8F26A3A418035248002710FA /* ViewController.m */ = {isa = PBXFileReference; lastKnownFileType = sourcecode.c.objc; path = ViewController.m; sourceTree = "<group>"; };
		8F26A3A618035248002710FA /* Images.xcassets */ = {isa = PBXFileReference; lastKnownFileType = folder.assetcatalog; path = Images.xcassets; sourceTree = "<group>"; };
		8F26A3AC18035248002710FA /* drinkTwoTests.xctest */ = {isa = PBXFileReference; explicitFileType = wrapper.cfbundle; includeInIndex = 0; path = drinkTwoTests.xctest; sourceTree = BUILT_PRODUCTS_DIR; };
		8F26A3AD18035248002710FA /* XCTest.framework */ = {isa = PBXFileReference; lastKnownFileType = wrapper.framework; name = XCTest.framework; path = Library/Frameworks/XCTest.framework; sourceTree = DEVELOPER_DIR; };
		8F26A3B518035248002710FA /* drinkTwoTests-Info.plist */ = {isa = PBXFileReference; lastKnownFileType = text.plist.xml; path = "drinkTwoTests-Info.plist"; sourceTree = "<group>"; };
		8F26A3B718035248002710FA /* en */ = {isa = PBXFileReference; lastKnownFileType = text.plist.strings; name = en; path = en.lproj/InfoPlist.strings; sourceTree = "<group>"; };
		8F26A3B918035248002710FA /* drinkTwoTests.m */ = {isa = PBXFileReference; lastKnownFileType = sourcecode.c.objc; path = drinkTwoTests.m; sourceTree = "<group>"; };
		8F4D4B9E18081F86009AF689 /* SecondView.xib */ = {isa = PBXFileReference; fileEncoding = 4; lastKnownFileType = file.xib; path = SecondView.xib; sourceTree = "<group>"; };
		8FD06D4D180A0C9700B59BA4 /* DrinkFactory.h */ = {isa = PBXFileReference; fileEncoding = 4; lastKnownFileType = sourcecode.c.h; path = DrinkFactory.h; sourceTree = "<group>"; };
		8FD06D4E180A0C9700B59BA4 /* DrinkFactory.m */ = {isa = PBXFileReference; fileEncoding = 4; lastKnownFileType = sourcecode.c.objc; path = DrinkFactory.m; sourceTree = "<group>"; };
		8FD06D50180A0DD900B59BA4 /* BaseDrink.h */ = {isa = PBXFileReference; fileEncoding = 4; lastKnownFileType = sourcecode.c.h; path = BaseDrink.h; sourceTree = "<group>"; };
		8FD06D51180A0DD900B59BA4 /* BaseDrink.m */ = {isa = PBXFileReference; fileEncoding = 4; lastKnownFileType = sourcecode.c.objc; path = BaseDrink.m; sourceTree = "<group>"; };
/* End PBXFileReference section */

/* Begin PBXFrameworksBuildPhase section */
		8F26A38818035248002710FA /* Frameworks */ = {
			isa = PBXFrameworksBuildPhase;
			buildActionMask = 2147483647;
			files = (
				8F26A39118035248002710FA /* CoreGraphics.framework in Frameworks */,
				8F26A39318035248002710FA /* UIKit.framework in Frameworks */,
				8F26A38F18035248002710FA /* Foundation.framework in Frameworks */,
			);
			runOnlyForDeploymentPostprocessing = 0;
		};
		8F26A3A918035248002710FA /* Frameworks */ = {
			isa = PBXFrameworksBuildPhase;
			buildActionMask = 2147483647;
			files = (
				8F26A3AE18035248002710FA /* XCTest.framework in Frameworks */,
				8F26A3B018035248002710FA /* UIKit.framework in Frameworks */,
				8F26A3AF18035248002710FA /* Foundation.framework in Frameworks */,
			);
			runOnlyForDeploymentPostprocessing = 0;
		};
/* End PBXFrameworksBuildPhase section */

/* Begin PBXGroup section */
		8F26A38218035248002710FA = {
			isa = PBXGroup;
			children = (
				8F26A39418035248002710FA /* drinkTwo */,
				8F26A3B318035248002710FA /* drinkTwoTests */,
				8F26A38D18035248002710FA /* Frameworks */,
				8F26A38C18035248002710FA /* Products */,
			);
			sourceTree = "<group>";
		};
		8F26A38C18035248002710FA /* Products */ = {
			isa = PBXGroup;
			children = (
				8F26A38B18035248002710FA /* drinkTwo.app */,
				8F26A3AC18035248002710FA /* drinkTwoTests.xctest */,
			);
			name = Products;
			sourceTree = "<group>";
		};
		8F26A38D18035248002710FA /* Frameworks */ = {
			isa = PBXGroup;
			children = (
				8F26A38E18035248002710FA /* Foundation.framework */,
				8F26A39018035248002710FA /* CoreGraphics.framework */,
				8F26A39218035248002710FA /* UIKit.framework */,
				8F26A3AD18035248002710FA /* XCTest.framework */,
			);
			name = Frameworks;
			sourceTree = "<group>";
		};
		8F26A39418035248002710FA /* drinkTwo */ = {
			isa = PBXGroup;
			children = (
				8F26A39D18035248002710FA /* AppDelegate.h */,
				8F26A39E18035248002710FA /* AppDelegate.m */,
				8F26A3A018035248002710FA /* Main.storyboard */,
				8F26A3A318035248002710FA /* ViewController.h */,
				8F26A3A418035248002710FA /* ViewController.m */,
				8F26A3A618035248002710FA /* Images.xcassets */,
				8F26A39518035248002710FA /* Supporting Files */,
				8F4D4B9E18081F86009AF689 /* SecondView.xib */,
				8FD06D4D180A0C9700B59BA4 /* DrinkFactory.h */,
				8FD06D4E180A0C9700B59BA4 /* DrinkFactory.m */,
				8FD06D50180A0DD900B59BA4 /* BaseDrink.h */,
				8FD06D51180A0DD900B59BA4 /* BaseDrink.m */,
			);
			path = drinkTwo;
			sourceTree = "<group>";
		};
		8F26A39518035248002710FA /* Supporting Files */ = {
			isa = PBXGroup;
			children = (
				8F26A39618035248002710FA /* drinkTwo-Info.plist */,
				8F26A39718035248002710FA /* InfoPlist.strings */,
				8F26A39A18035248002710FA /* main.m */,
				8F26A39C18035248002710FA /* drinkTwo-Prefix.pch */,
			);
			name = "Supporting Files";
			sourceTree = "<group>";
		};
		8F26A3B318035248002710FA /* drinkTwoTests */ = {
			isa = PBXGroup;
			children = (
				8F26A3B918035248002710FA /* drinkTwoTests.m */,
				8F26A3B418035248002710FA /* Supporting Files */,
			);
			path = drinkTwoTests;
			sourceTree = "<group>";
		};
		8F26A3B418035248002710FA /* Supporting Files */ = {
			isa = PBXGroup;
			children = (
				8F26A3B518035248002710FA /* drinkTwoTests-Info.plist */,
				8F26A3B618035248002710FA /* InfoPlist.strings */,
			);
			name = "Supporting Files";
			sourceTree = "<group>";
		};
/* End PBXGroup section */

/* Begin PBXNativeTarget section */
		8F26A38A18035248002710FA /* drinkTwo */ = {
			isa = PBXNativeTarget;
			buildConfigurationList = 8F26A3BD18035248002710FA /* Build configuration list for PBXNativeTarget "drinkTwo" */;
			buildPhases = (
				8F26A38718035248002710FA /* Sources */,
				8F26A38818035248002710FA /* Frameworks */,
				8F26A38918035248002710FA /* Resources */,
			);
			buildRules = (
			);
			dependencies = (
			);
			name = drinkTwo;
			productName = drinkTwo;
			productReference = 8F26A38B18035248002710FA /* drinkTwo.app */;
			productType = "com.apple.product-type.application";
		};
		8F26A3AB18035248002710FA /* drinkTwoTests */ = {
			isa = PBXNativeTarget;
			buildConfigurationList = 8F26A3C018035248002710FA /* Build configuration list for PBXNativeTarget "drinkTwoTests" */;
			buildPhases = (
				8F26A3A818035248002710FA /* Sources */,
				8F26A3A918035248002710FA /* Frameworks */,
				8F26A3AA18035248002710FA /* Resources */,
			);
			buildRules = (
			);
			dependencies = (
				8F26A3B218035248002710FA /* PBXTargetDependency */,
			);
			name = drinkTwoTests;
			productName = drinkTwoTests;
			productReference = 8F26A3AC18035248002710FA /* drinkTwoTests.xctest */;
			productType = "com.apple.product-type.bundle.unit-test";
		};
/* End PBXNativeTarget section */

/* Begin PBXProject section */
		8F26A38318035248002710FA /* Project object */ = {
			isa = PBXProject;
			attributes = {
				LastUpgradeCheck = 0500;
				ORGANIZATIONNAME = "Mark Johnson";
				TargetAttributes = {
					8F26A3AB18035248002710FA = {
						TestTargetID = 8F26A38A18035248002710FA;
					};
				};
			};
			buildConfigurationList = 8F26A38618035248002710FA /* Build configuration list for PBXProject "drinkTwo" */;
			compatibilityVersion = "Xcode 3.2";
			developmentRegion = English;
			hasScannedForEncodings = 0;
			knownRegions = (
				en,
				Base,
			);
			mainGroup = 8F26A38218035248002710FA;
			productRefGroup = 8F26A38C18035248002710FA /* Products */;
			projectDirPath = "";
			projectRoot = "";
			targets = (
				8F26A38A18035248002710FA /* drinkTwo */,
				8F26A3AB18035248002710FA /* drinkTwoTests */,
			);
		};
/* End PBXProject section */

/* Begin PBXResourcesBuildPhase section */
		8F26A38918035248002710FA /* Resources */ = {
			isa = PBXResourcesBuildPhase;
			buildActionMask = 2147483647;
			files = (
				8F26A3A718035248002710FA /* Images.xcassets in Resources */,
				8F26A39918035248002710FA /* InfoPlist.strings in Resources */,
				8F4D4B9F18081F86009AF689 /* SecondView.xib in Resources */,
				8F26A3A218035248002710FA /* Main.storyboard in Resources */,
			);
			runOnlyForDeploymentPostprocessing = 0;
		};
		8F26A3AA18035248002710FA /* Resources */ = {
			isa = PBXResourcesBuildPhase;
			buildActionMask = 2147483647;
			files = (
				8F26A3B818035248002710FA /* InfoPlist.strings in Resources */,
			);
			runOnlyForDeploymentPostprocessing = 0;
		};
/* End PBXResourcesBuildPhase section */

/* Begin PBXSourcesBuildPhase section */
		8F26A38718035248002710FA /* Sources */ = {
			isa = PBXSourcesBuildPhase;
			buildActionMask = 2147483647;
			files = (
				8F26A3A518035248002710FA /* ViewController.m in Sources */,
				8FD06D52180A0DD900B59BA4 /* BaseDrink.m in Sources */,
				8FD06D4F180A0C9700B59BA4 /* DrinkFactory.m in Sources */,
				8F26A39F18035248002710FA /* AppDelegate.m in Sources */,
				8F26A39B18035248002710FA /* main.m in Sources */,
			);
			runOnlyForDeploymentPostprocessing = 0;
		};
		8F26A3A818035248002710FA /* Sources */ = {
			isa = PBXSourcesBuildPhase;
			buildActionMask = 2147483647;
			files = (
				8F26A3BA18035248002710FA /* drinkTwoTests.m in Sources */,
			);
			runOnlyForDeploymentPostprocessing = 0;
		};
/* End PBXSourcesBuildPhase section */

/* Begin PBXTargetDependency section */
		8F26A3B218035248002710FA /* PBXTargetDependency */ = {
			isa = PBXTargetDependency;
			target = 8F26A38A18035248002710FA /* drinkTwo */;
			targetProxy = 8F26A3B118035248002710FA /* PBXContainerItemProxy */;
		};
/* End PBXTargetDependency section */

/* Begin PBXVariantGroup section */
		8F26A39718035248002710FA /* InfoPlist.strings */ = {
			isa = PBXVariantGroup;
			children = (
				8F26A39818035248002710FA /* en */,
			);
			name = InfoPlist.strings;
			sourceTree = "<group>";
		};
		8F26A3A018035248002710FA /* Main.storyboard */ = {
			isa = PBXVariantGroup;
			children = (
				8F26A3A118035248002710FA /* Base */,
			);
			name = Main.storyboard;
			sourceTree = "<group>";
		};
		8F26A3B618035248002710FA /* InfoPlist.strings */ = {
			isa = PBXVariantGroup;
			children = (
				8F26A3B718035248002710FA /* en */,
			);
			name = InfoPlist.strings;
			sourceTree = "<group>";
		};
/* End PBXVariantGroup section */

/* Begin XCBuildConfiguration section */
		8F26A3BB18035248002710FA /* Debug */ = {
			isa = XCBuildConfiguration;
			buildSettings = {
				ALWAYS_SEARCH_USER_PATHS = NO;
				ARCHS = "$(ARCHS_STANDARD_INCLUDING_64_BIT)";
				CLANG_CXX_LANGUAGE_STANDARD = "gnu++0x";
				CLANG_CXX_LIBRARY = "libc++";
				CLANG_ENABLE_MODULES = YES;
				CLANG_ENABLE_OBJC_ARC = YES;
				CLANG_WARN_BOOL_CONVERSION = YES;
				CLANG_WARN_CONSTANT_CONVERSION = YES;
				CLANG_WARN_DIRECT_OBJC_ISA_USAGE = YES_ERROR;
				CLANG_WARN_EMPTY_BODY = YES;
				CLANG_WARN_ENUM_CONVERSION = YES;
				CLANG_WARN_INT_CONVERSION = YES;
				CLANG_WARN_OBJC_ROOT_CLASS = YES_ERROR;
				CLANG_WARN__DUPLICATE_METHOD_MATCH = YES;
				"CODE_SIGN_IDENTITY[sdk=iphoneos*]" = "iPhone Developer";
				COPY_PHASE_STRIP = NO;
				GCC_C_LANGUAGE_STANDARD = gnu99;
				GCC_DYNAMIC_NO_PIC = NO;
				GCC_OPTIMIZATION_LEVEL = 0;
				GCC_PREPROCESSOR_DEFINITIONS = (
					"DEBUG=1",
					"$(inherited)",
				);
				GCC_SYMBOLS_PRIVATE_EXTERN = NO;
				GCC_WARN_64_TO_32_BIT_CONVERSION = YES;
				GCC_WARN_ABOUT_RETURN_TYPE = YES_ERROR;
				GCC_WARN_UNDECLARED_SELECTOR = YES;
				GCC_WARN_UNINITIALIZED_AUTOS = YES;
				GCC_WARN_UNUSED_FUNCTION = YES;
				GCC_WARN_UNUSED_VARIABLE = YES;
				IPHONEOS_DEPLOYMENT_TARGET = 7.0;
				ONLY_ACTIVE_ARCH = YES;
				SDKROOT = iphoneos;
			};
			name = Debug;
		};
		8F26A3BC18035248002710FA /* Release */ = {
			isa = XCBuildConfiguration;
			buildSettings = {
				ALWAYS_SEARCH_USER_PATHS = NO;
				ARCHS = "$(ARCHS_STANDARD_INCLUDING_64_BIT)";
				CLANG_CXX_LANGUAGE_STANDARD = "gnu++0x";
				CLANG_CXX_LIBRARY = "libc++";
				CLANG_ENABLE_MODULES = YES;
				CLANG_ENABLE_OBJC_ARC = YES;
				CLANG_WARN_BOOL_CONVERSION = YES;
				CLANG_WARN_CONSTANT_CONVERSION = YES;
				CLANG_WARN_DIRECT_OBJC_ISA_USAGE = YES_ERROR;
				CLANG_WARN_EMPTY_BODY = YES;
				CLANG_WARN_ENUM_CONVERSION = YES;
				CLANG_WARN_INT_CONVERSION = YES;
				CLANG_WARN_OBJC_ROOT_CLASS = YES_ERROR;
				CLANG_WARN__DUPLICATE_METHOD_MATCH = YES;
				"CODE_SIGN_IDENTITY[sdk=iphoneos*]" = "iPhone Developer";
				COPY_PHASE_STRIP = YES;
				ENABLE_NS_ASSERTIONS = NO;
				GCC_C_LANGUAGE_STANDARD = gnu99;
				GCC_WARN_64_TO_32_BIT_CONVERSION = YES;
				GCC_WARN_ABOUT_RETURN_TYPE = YES_ERROR;
				GCC_WARN_UNDECLARED_SELECTOR = YES;
				GCC_WARN_UNINITIALIZED_AUTOS = YES;
				GCC_WARN_UNUSED_FUNCTION = YES;
				GCC_WARN_UNUSED_VARIABLE = YES;
				IPHONEOS_DEPLOYMENT_TARGET = 7.0;
				SDKROOT = iphoneos;
				VALIDATE_PRODUCT = YES;
			};
			name = Release;
		};
		8F26A3BE18035248002710FA /* Debug */ = {
			isa = XCBuildConfiguration;
			buildSettings = {
				ASSETCATALOG_COMPILER_APPICON_NAME = AppIcon;
				ASSETCATALOG_COMPILER_LAUNCHIMAGE_NAME = LaunchImage;
				GCC_PRECOMPILE_PREFIX_HEADER = YES;
				GCC_PREFIX_HEADER = "drinkTwo/drinkTwo-Prefix.pch";
				INFOPLIST_FILE = "drinkTwo/drinkTwo-Info.plist";
				PRODUCT_NAME = "$(TARGET_NAME)";
				WRAPPER_EXTENSION = app;
			};
			name = Debug;
		};
		8F26A3BF18035248002710FA /* Release */ = {
			isa = XCBuildConfiguration;
			buildSettings = {
				ASSETCATALOG_COMPILER_APPICON_NAME = AppIcon;
				ASSETCATALOG_COMPILER_LAUNCHIMAGE_NAME = LaunchImage;
				GCC_PRECOMPILE_PREFIX_HEADER = YES;
				GCC_PREFIX_HEADER = "drinkTwo/drinkTwo-Prefix.pch";
				INFOPLIST_FILE = "drinkTwo/drinkTwo-Info.plist";
				PRODUCT_NAME = "$(TARGET_NAME)";
				WRAPPER_EXTENSION = app;
			};
			name = Release;
		};
		8F26A3C118035248002710FA /* Debug */ = {
			isa = XCBuildConfiguration;
			buildSettings = {
				ARCHS = "$(ARCHS_STANDARD_INCLUDING_64_BIT)";
				BUNDLE_LOADER = "$(BUILT_PRODUCTS_DIR)/drinkTwo.app/drinkTwo";
				FRAMEWORK_SEARCH_PATHS = (
					"$(SDKROOT)/Developer/Library/Frameworks",
					"$(inherited)",
					"$(DEVELOPER_FRAMEWORKS_DIR)",
				);
				GCC_PRECOMPILE_PREFIX_HEADER = YES;
				GCC_PREFIX_HEADER = "drinkTwo/drinkTwo-Prefix.pch";
				GCC_PREPROCESSOR_DEFINITIONS = (
					"DEBUG=1",
					"$(inherited)",
				);
				INFOPLIST_FILE = "drinkTwoTests/drinkTwoTests-Info.plist";
				PRODUCT_NAME = "$(TARGET_NAME)";
				TEST_HOST = "$(BUNDLE_LOADER)";
				WRAPPER_EXTENSION = xctest;
			};
			name = Debug;
		};
		8F26A3C218035248002710FA /* Release */ = {
			isa = XCBuildConfiguration;
			buildSettings = {
				ARCHS = "$(ARCHS_STANDARD_INCLUDING_64_BIT)";
				BUNDLE_LOADER = "$(BUILT_PRODUCTS_DIR)/drinkTwo.app/drinkTwo";
				FRAMEWORK_SEARCH_PATHS = (
					"$(SDKROOT)/Developer/Library/Frameworks",
					"$(inherited)",
					"$(DEVELOPER_FRAMEWORKS_DIR)",
				);
				GCC_PRECOMPILE_PREFIX_HEADER = YES;
				GCC_PREFIX_HEADER = "drinkTwo/drinkTwo-Prefix.pch";
				INFOPLIST_FILE = "drinkTwoTests/drinkTwoTests-Info.plist";
				PRODUCT_NAME = "$(TARGET_NAME)";
				TEST_HOST = "$(BUNDLE_LOADER)";
				WRAPPER_EXTENSION = xctest;
			};
			name = Release;
		};
/* End XCBuildConfiguration section */

/* Begin XCConfigurationList section */
		8F26A38618035248002710FA /* Build configuration list for PBXProject "drinkTwo" */ = {
			isa = XCConfigurationList;
			buildConfigurations = (
				8F26A3BB18035248002710FA /* Debug */,
				8F26A3BC18035248002710FA /* Release */,
			);
			defaultConfigurationIsVisible = 0;
			defaultConfigurationName = Release;
		};
		8F26A3BD18035248002710FA /* Build configuration list for PBXNativeTarget "drinkTwo" */ = {
			isa = XCConfigurationList;
			buildConfigurations = (
				8F26A3BE18035248002710FA /* Debug */,
				8F26A3BF18035248002710FA /* Release */,
			);
			defaultConfigurationIsVisible = 0;
			defaultConfigurationName = Release;
		};
		8F26A3C018035248002710FA /* Build configuration list for PBXNativeTarget "drinkTwoTests" */ = {
			isa = XCConfigurationList;
			buildConfigurations = (
				8F26A3C118035248002710FA /* Debug */,
				8F26A3C218035248002710FA /* Release */,
			);
			defaultConfigurationIsVisible = 0;
			defaultConfigurationName = Release;
		};
/* End XCConfigurationList section */
	};
	rootObject = 8F26A38318035248002710FA /* Project object */;
}
