// !$*UTF8*$!
{
	archiveVersion = 1;
	classes = {
	};
	objectVersion = 46;
	objects = {

/* Begin PBXBuildFile section */
		8FE3312318255C9D00D0D53B /* Foundation.framework in Frameworks */ = {isa = PBXBuildFile; fileRef = 8FE3312218255C9D00D0D53B /* Foundation.framework */; };
		8FE3312518255C9D00D0D53B /* CoreGraphics.framework in Frameworks */ = {isa = PBXBuildFile; fileRef = 8FE3312418255C9D00D0D53B /* CoreGraphics.framework */; };
		8FE3312718255C9D00D0D53B /* UIKit.framework in Frameworks */ = {isa = PBXBuildFile; fileRef = 8FE3312618255C9D00D0D53B /* UIKit.framework */; };
		8FE3312D18255C9D00D0D53B /* InfoPlist.strings in Resources */ = {isa = PBXBuildFile; fileRef = 8FE3312B18255C9D00D0D53B /* InfoPlist.strings */; };
		8FE3312F18255C9D00D0D53B /* main.m in Sources */ = {isa = PBXBuildFile; fileRef = 8FE3312E18255C9D00D0D53B /* main.m */; };
		8FE3313318255C9D00D0D53B /* AppDelegate.m in Sources */ = {isa = PBXBuildFile; fileRef = 8FE3313218255C9D00D0D53B /* AppDelegate.m */; };
		8FE3313618255C9D00D0D53B /* Main.storyboard in Resources */ = {isa = PBXBuildFile; fileRef = 8FE3313418255C9D00D0D53B /* Main.storyboard */; };
		8FE3313918255C9D00D0D53B /* ViewController.m in Sources */ = {isa = PBXBuildFile; fileRef = 8FE3313818255C9D00D0D53B /* ViewController.m */; };
		8FE3313B18255C9D00D0D53B /* Images.xcassets in Resources */ = {isa = PBXBuildFile; fileRef = 8FE3313A18255C9D00D0D53B /* Images.xcassets */; };
		8FE3314218255C9D00D0D53B /* XCTest.framework in Frameworks */ = {isa = PBXBuildFile; fileRef = 8FE3314118255C9D00D0D53B /* XCTest.framework */; };
		8FE3314318255C9D00D0D53B /* Foundation.framework in Frameworks */ = {isa = PBXBuildFile; fileRef = 8FE3312218255C9D00D0D53B /* Foundation.framework */; };
		8FE3314418255C9D00D0D53B /* UIKit.framework in Frameworks */ = {isa = PBXBuildFile; fileRef = 8FE3312618255C9D00D0D53B /* UIKit.framework */; };
		8FE3314C18255C9D00D0D53B /* InfoPlist.strings in Resources */ = {isa = PBXBuildFile; fileRef = 8FE3314A18255C9D00D0D53B /* InfoPlist.strings */; };
		8FE3314E18255C9D00D0D53B /* week1_assignmentTests.m in Sources */ = {isa = PBXBuildFile; fileRef = 8FE3314D18255C9D00D0D53B /* week1_assignmentTests.m */; };
		8FE331591825BB2D00D0D53B /* drinksFactory.m in Sources */ = {isa = PBXBuildFile; fileRef = 8FE331581825BB2D00D0D53B /* drinksFactory.m */; };
/* End PBXBuildFile section */

/* Begin PBXContainerItemProxy section */
		8FE3314518255C9D00D0D53B /* PBXContainerItemProxy */ = {
			isa = PBXContainerItemProxy;
			containerPortal = 8FE3311718255C9D00D0D53B /* Project object */;
			proxyType = 1;
			remoteGlobalIDString = 8FE3311E18255C9D00D0D53B;
			remoteInfo = week1_assignment;
		};
/* End PBXContainerItemProxy section */

/* Begin PBXFileReference section */
		8FE3311F18255C9D00D0D53B /* week1_assignment.app */ = {isa = PBXFileReference; explicitFileType = wrapper.application; includeInIndex = 0; path = week1_assignment.app; sourceTree = BUILT_PRODUCTS_DIR; };
		8FE3312218255C9D00D0D53B /* Foundation.framework */ = {isa = PBXFileReference; lastKnownFileType = wrapper.framework; name = Foundation.framework; path = System/Library/Frameworks/Foundation.framework; sourceTree = SDKROOT; };
		8FE3312418255C9D00D0D53B /* CoreGraphics.framework */ = {isa = PBXFileReference; lastKnownFileType = wrapper.framework; name = CoreGraphics.framework; path = System/Library/Frameworks/CoreGraphics.framework; sourceTree = SDKROOT; };
		8FE3312618255C9D00D0D53B /* UIKit.framework */ = {isa = PBXFileReference; lastKnownFileType = wrapper.framework; name = UIKit.framework; path = System/Library/Frameworks/UIKit.framework; sourceTree = SDKROOT; };
		8FE3312A18255C9D00D0D53B /* week1_assignment-Info.plist */ = {isa = PBXFileReference; lastKnownFileType = text.plist.xml; path = "week1_assignment-Info.plist"; sourceTree = "<group>"; };
		8FE3312C18255C9D00D0D53B /* en */ = {isa = PBXFileReference; lastKnownFileType = text.plist.strings; name = en; path = en.lproj/InfoPlist.strings; sourceTree = "<group>"; };
		8FE3312E18255C9D00D0D53B /* main.m */ = {isa = PBXFileReference; lastKnownFileType = sourcecode.c.objc; path = main.m; sourceTree = "<group>"; };
		8FE3313018255C9D00D0D53B /* week1_assignment-Prefix.pch */ = {isa = PBXFileReference; lastKnownFileType = sourcecode.c.h; path = "week1_assignment-Prefix.pch"; sourceTree = "<group>"; };
		8FE3313118255C9D00D0D53B /* AppDelegate.h */ = {isa = PBXFileReference; lastKnownFileType = sourcecode.c.h; path = AppDelegate.h; sourceTree = "<group>"; };
		8FE3313218255C9D00D0D53B /* AppDelegate.m */ = {isa = PBXFileReference; lastKnownFileType = sourcecode.c.objc; path = AppDelegate.m; sourceTree = "<group>"; };
		8FE3313518255C9D00D0D53B /* Base */ = {isa = PBXFileReference; lastKnownFileType = file.storyboard; name = Base; path = Base.lproj/Main.storyboard; sourceTree = "<group>"; };
		8FE3313718255C9D00D0D53B /* ViewController.h */ = {isa = PBXFileReference; lastKnownFileType = sourcecode.c.h; path = ViewController.h; sourceTree = "<group>"; };
		8FE3313818255C9D00D0D53B /* ViewController.m */ = {isa = PBXFileReference; lastKnownFileType = sourcecode.c.objc; path = ViewController.m; sourceTree = "<group>"; };
		8FE3313A18255C9D00D0D53B /* Images.xcassets */ = {isa = PBXFileReference; lastKnownFileType = folder.assetcatalog; path = Images.xcassets; sourceTree = "<group>"; };
		8FE3314018255C9D00D0D53B /* week1_assignmentTests.xctest */ = {isa = PBXFileReference; explicitFileType = wrapper.cfbundle; includeInIndex = 0; path = week1_assignmentTests.xctest; sourceTree = BUILT_PRODUCTS_DIR; };
		8FE3314118255C9D00D0D53B /* XCTest.framework */ = {isa = PBXFileReference; lastKnownFileType = wrapper.framework; name = XCTest.framework; path = Library/Frameworks/XCTest.framework; sourceTree = DEVELOPER_DIR; };
		8FE3314918255C9D00D0D53B /* week1_assignmentTests-Info.plist */ = {isa = PBXFileReference; lastKnownFileType = text.plist.xml; path = "week1_assignmentTests-Info.plist"; sourceTree = "<group>"; };
		8FE3314B18255C9D00D0D53B /* en */ = {isa = PBXFileReference; lastKnownFileType = text.plist.strings; name = en; path = en.lproj/InfoPlist.strings; sourceTree = "<group>"; };
		8FE3314D18255C9D00D0D53B /* week1_assignmentTests.m */ = {isa = PBXFileReference; lastKnownFileType = sourcecode.c.objc; path = week1_assignmentTests.m; sourceTree = "<group>"; };
		8FE331571825BB2D00D0D53B /* drinksFactory.h */ = {isa = PBXFileReference; fileEncoding = 4; lastKnownFileType = sourcecode.c.h; name = drinksFactory.h; path = week1_assignment/drinksFactory.h; sourceTree = "<group>"; };
		8FE331581825BB2D00D0D53B /* drinksFactory.m */ = {isa = PBXFileReference; fileEncoding = 4; lastKnownFileType = sourcecode.c.objc; name = drinksFactory.m; path = week1_assignment/drinksFactory.m; sourceTree = "<group>"; };
/* End PBXFileReference section */

/* Begin PBXFrameworksBuildPhase section */
		8FE3311C18255C9D00D0D53B /* Frameworks */ = {
			isa = PBXFrameworksBuildPhase;
			buildActionMask = 2147483647;
			files = (
				8FE3312518255C9D00D0D53B /* CoreGraphics.framework in Frameworks */,
				8FE3312718255C9D00D0D53B /* UIKit.framework in Frameworks */,
				8FE3312318255C9D00D0D53B /* Foundation.framework in Frameworks */,
			);
			runOnlyForDeploymentPostprocessing = 0;
		};
		8FE3313D18255C9D00D0D53B /* Frameworks */ = {
			isa = PBXFrameworksBuildPhase;
			buildActionMask = 2147483647;
			files = (
				8FE3314218255C9D00D0D53B /* XCTest.framework in Frameworks */,
				8FE3314418255C9D00D0D53B /* UIKit.framework in Frameworks */,
				8FE3314318255C9D00D0D53B /* Foundation.framework in Frameworks */,
			);
			runOnlyForDeploymentPostprocessing = 0;
		};
/* End PBXFrameworksBuildPhase section */

/* Begin PBXGroup section */
		8FE3311618255C9D00D0D53B = {
			isa = PBXGroup;
			children = (
				8FE331571825BB2D00D0D53B /* drinksFactory.h */,
				8FE331581825BB2D00D0D53B /* drinksFactory.m */,
				8FE3312818255C9D00D0D53B /* week1_assignment */,
				8FE3314718255C9D00D0D53B /* week1_assignmentTests */,
				8FE3312118255C9D00D0D53B /* Frameworks */,
				8FE3312018255C9D00D0D53B /* Products */,
			);
			sourceTree = "<group>";
		};
		8FE3312018255C9D00D0D53B /* Products */ = {
			isa = PBXGroup;
			children = (
				8FE3311F18255C9D00D0D53B /* week1_assignment.app */,
				8FE3314018255C9D00D0D53B /* week1_assignmentTests.xctest */,
			);
			name = Products;
			sourceTree = "<group>";
		};
		8FE3312118255C9D00D0D53B /* Frameworks */ = {
			isa = PBXGroup;
			children = (
				8FE3312218255C9D00D0D53B /* Foundation.framework */,
				8FE3312418255C9D00D0D53B /* CoreGraphics.framework */,
				8FE3312618255C9D00D0D53B /* UIKit.framework */,
				8FE3314118255C9D00D0D53B /* XCTest.framework */,
			);
			name = Frameworks;
			sourceTree = "<group>";
		};
		8FE3312818255C9D00D0D53B /* week1_assignment */ = {
			isa = PBXGroup;
			children = (
				8FE3313118255C9D00D0D53B /* AppDelegate.h */,
				8FE3313218255C9D00D0D53B /* AppDelegate.m */,
				8FE3313418255C9D00D0D53B /* Main.storyboard */,
				8FE3313718255C9D00D0D53B /* ViewController.h */,
				8FE3313818255C9D00D0D53B /* ViewController.m */,
				8FE3313A18255C9D00D0D53B /* Images.xcassets */,
				8FE3312918255C9D00D0D53B /* Supporting Files */,
			);
			path = week1_assignment;
			sourceTree = "<group>";
		};
		8FE3312918255C9D00D0D53B /* Supporting Files */ = {
			isa = PBXGroup;
			children = (
				8FE3312A18255C9D00D0D53B /* week1_assignment-Info.plist */,
				8FE3312B18255C9D00D0D53B /* InfoPlist.strings */,
				8FE3312E18255C9D00D0D53B /* main.m */,
				8FE3313018255C9D00D0D53B /* week1_assignment-Prefix.pch */,
			);
			name = "Supporting Files";
			sourceTree = "<group>";
		};
		8FE3314718255C9D00D0D53B /* week1_assignmentTests */ = {
			isa = PBXGroup;
			children = (
				8FE3314D18255C9D00D0D53B /* week1_assignmentTests.m */,
				8FE3314818255C9D00D0D53B /* Supporting Files */,
			);
			path = week1_assignmentTests;
			sourceTree = "<group>";
		};
		8FE3314818255C9D00D0D53B /* Supporting Files */ = {
			isa = PBXGroup;
			children = (
				8FE3314918255C9D00D0D53B /* week1_assignmentTests-Info.plist */,
				8FE3314A18255C9D00D0D53B /* InfoPlist.strings */,
			);
			name = "Supporting Files";
			sourceTree = "<group>";
		};
/* End PBXGroup section */

/* Begin PBXNativeTarget section */
		8FE3311E18255C9D00D0D53B /* week1_assignment */ = {
			isa = PBXNativeTarget;
			buildConfigurationList = 8FE3315118255C9D00D0D53B /* Build configuration list for PBXNativeTarget "week1_assignment" */;
			buildPhases = (
				8FE3311B18255C9D00D0D53B /* Sources */,
				8FE3311C18255C9D00D0D53B /* Frameworks */,
				8FE3311D18255C9D00D0D53B /* Resources */,
			);
			buildRules = (
			);
			dependencies = (
			);
			name = week1_assignment;
			productName = week1_assignment;
			productReference = 8FE3311F18255C9D00D0D53B /* week1_assignment.app */;
			productType = "com.apple.product-type.application";
		};
		8FE3313F18255C9D00D0D53B /* week1_assignmentTests */ = {
			isa = PBXNativeTarget;
			buildConfigurationList = 8FE3315418255C9D00D0D53B /* Build configuration list for PBXNativeTarget "week1_assignmentTests" */;
			buildPhases = (
				8FE3313C18255C9D00D0D53B /* Sources */,
				8FE3313D18255C9D00D0D53B /* Frameworks */,
				8FE3313E18255C9D00D0D53B /* Resources */,
			);
			buildRules = (
			);
			dependencies = (
				8FE3314618255C9D00D0D53B /* PBXTargetDependency */,
			);
			name = week1_assignmentTests;
			productName = week1_assignmentTests;
			productReference = 8FE3314018255C9D00D0D53B /* week1_assignmentTests.xctest */;
			productType = "com.apple.product-type.bundle.unit-test";
		};
/* End PBXNativeTarget section */

/* Begin PBXProject section */
		8FE3311718255C9D00D0D53B /* Project object */ = {
			isa = PBXProject;
			attributes = {
				LastUpgradeCheck = 0500;
				ORGANIZATIONNAME = "Mark Johnson";
				TargetAttributes = {
					8FE3313F18255C9D00D0D53B = {
						TestTargetID = 8FE3311E18255C9D00D0D53B;
					};
				};
			};
			buildConfigurationList = 8FE3311A18255C9D00D0D53B /* Build configuration list for PBXProject "week1_assignment" */;
			compatibilityVersion = "Xcode 3.2";
			developmentRegion = English;
			hasScannedForEncodings = 0;
			knownRegions = (
				en,
				Base,
			);
			mainGroup = 8FE3311618255C9D00D0D53B;
			productRefGroup = 8FE3312018255C9D00D0D53B /* Products */;
			projectDirPath = "";
			projectRoot = "";
			targets = (
				8FE3311E18255C9D00D0D53B /* week1_assignment */,
				8FE3313F18255C9D00D0D53B /* week1_assignmentTests */,
			);
		};
/* End PBXProject section */

/* Begin PBXResourcesBuildPhase section */
		8FE3311D18255C9D00D0D53B /* Resources */ = {
			isa = PBXResourcesBuildPhase;
			buildActionMask = 2147483647;
			files = (
				8FE3313B18255C9D00D0D53B /* Images.xcassets in Resources */,
				8FE3312D18255C9D00D0D53B /* InfoPlist.strings in Resources */,
				8FE3313618255C9D00D0D53B /* Main.storyboard in Resources */,
			);
			runOnlyForDeploymentPostprocessing = 0;
		};
		8FE3313E18255C9D00D0D53B /* Resources */ = {
			isa = PBXResourcesBuildPhase;
			buildActionMask = 2147483647;
			files = (
				8FE3314C18255C9D00D0D53B /* InfoPlist.strings in Resources */,
			);
			runOnlyForDeploymentPostprocessing = 0;
		};
/* End PBXResourcesBuildPhase section */

/* Begin PBXSourcesBuildPhase section */
		8FE3311B18255C9D00D0D53B /* Sources */ = {
			isa = PBXSourcesBuildPhase;
			buildActionMask = 2147483647;
			files = (
				8FE3313918255C9D00D0D53B /* ViewController.m in Sources */,
				8FE331591825BB2D00D0D53B /* drinksFactory.m in Sources */,
				8FE3313318255C9D00D0D53B /* AppDelegate.m in Sources */,
				8FE3312F18255C9D00D0D53B /* main.m in Sources */,
			);
			runOnlyForDeploymentPostprocessing = 0;
		};
		8FE3313C18255C9D00D0D53B /* Sources */ = {
			isa = PBXSourcesBuildPhase;
			buildActionMask = 2147483647;
			files = (
				8FE3314E18255C9D00D0D53B /* week1_assignmentTests.m in Sources */,
			);
			runOnlyForDeploymentPostprocessing = 0;
		};
/* End PBXSourcesBuildPhase section */

/* Begin PBXTargetDependency section */
		8FE3314618255C9D00D0D53B /* PBXTargetDependency */ = {
			isa = PBXTargetDependency;
			target = 8FE3311E18255C9D00D0D53B /* week1_assignment */;
			targetProxy = 8FE3314518255C9D00D0D53B /* PBXContainerItemProxy */;
		};
/* End PBXTargetDependency section */

/* Begin PBXVariantGroup section */
		8FE3312B18255C9D00D0D53B /* InfoPlist.strings */ = {
			isa = PBXVariantGroup;
			children = (
				8FE3312C18255C9D00D0D53B /* en */,
			);
			name = InfoPlist.strings;
			sourceTree = "<group>";
		};
		8FE3313418255C9D00D0D53B /* Main.storyboard */ = {
			isa = PBXVariantGroup;
			children = (
				8FE3313518255C9D00D0D53B /* Base */,
			);
			name = Main.storyboard;
			sourceTree = "<group>";
		};
		8FE3314A18255C9D00D0D53B /* InfoPlist.strings */ = {
			isa = PBXVariantGroup;
			children = (
				8FE3314B18255C9D00D0D53B /* en */,
			);
			name = InfoPlist.strings;
			sourceTree = "<group>";
		};
/* End PBXVariantGroup section */

/* Begin XCBuildConfiguration section */
		8FE3314F18255C9D00D0D53B /* Debug */ = {
			isa = XCBuildConfiguration;
			buildSettings = {
				ALWAYS_SEARCH_USER_PATHS = NO;
				ARCHS = "$(ARCHS_STANDARD_INCLUDING_64_BIT)";
				CLANG_CXX_LANGUAGE_STANDARD = "gnu++0x";
				CLANG_CXX_LIBRARY = "libc++";
				CLANG_ENABLE_MODULES = YES;
				CLANG_ENABLE_OBJC_ARC = YES;
				CLANG_WARN_BOOL_CONVERSION = YES;
				CLANG_WARN_CONSTANT_CONVERSION = YES;
				CLANG_WARN_DIRECT_OBJC_ISA_USAGE = YES_ERROR;
				CLANG_WARN_EMPTY_BODY = YES;
				CLANG_WARN_ENUM_CONVERSION = YES;
				CLANG_WARN_INT_CONVERSION = YES;
				CLANG_WARN_OBJC_ROOT_CLASS = YES_ERROR;
				CLANG_WARN__DUPLICATE_METHOD_MATCH = YES;
				"CODE_SIGN_IDENTITY[sdk=iphoneos*]" = "iPhone Developer";
				COPY_PHASE_STRIP = NO;
				GCC_C_LANGUAGE_STANDARD = gnu99;
				GCC_DYNAMIC_NO_PIC = NO;
				GCC_OPTIMIZATION_LEVEL = 0;
				GCC_PREPROCESSOR_DEFINITIONS = (
					"DEBUG=1",
					"$(inherited)",
				);
				GCC_SYMBOLS_PRIVATE_EXTERN = NO;
				GCC_WARN_64_TO_32_BIT_CONVERSION = YES;
				GCC_WARN_ABOUT_RETURN_TYPE = YES_ERROR;
				GCC_WARN_UNDECLARED_SELECTOR = YES;
				GCC_WARN_UNINITIALIZED_AUTOS = YES;
				GCC_WARN_UNUSED_FUNCTION = YES;
				GCC_WARN_UNUSED_VARIABLE = YES;
				IPHONEOS_DEPLOYMENT_TARGET = 7.0;
				ONLY_ACTIVE_ARCH = YES;
				SDKROOT = iphoneos;
			};
			name = Debug;
		};
		8FE3315018255C9D00D0D53B /* Release */ = {
			isa = XCBuildConfiguration;
			buildSettings = {
				ALWAYS_SEARCH_USER_PATHS = NO;
				ARCHS = "$(ARCHS_STANDARD_INCLUDING_64_BIT)";
				CLANG_CXX_LANGUAGE_STANDARD = "gnu++0x";
				CLANG_CXX_LIBRARY = "libc++";
				CLANG_ENABLE_MODULES = YES;
				CLANG_ENABLE_OBJC_ARC = YES;
				CLANG_WARN_BOOL_CONVERSION = YES;
				CLANG_WARN_CONSTANT_CONVERSION = YES;
				CLANG_WARN_DIRECT_OBJC_ISA_USAGE = YES_ERROR;
				CLANG_WARN_EMPTY_BODY = YES;
				CLANG_WARN_ENUM_CONVERSION = YES;
				CLANG_WARN_INT_CONVERSION = YES;
				CLANG_WARN_OBJC_ROOT_CLASS = YES_ERROR;
				CLANG_WARN__DUPLICATE_METHOD_MATCH = YES;
				"CODE_SIGN_IDENTITY[sdk=iphoneos*]" = "iPhone Developer";
				COPY_PHASE_STRIP = YES;
				ENABLE_NS_ASSERTIONS = NO;
				GCC_C_LANGUAGE_STANDARD = gnu99;
				GCC_WARN_64_TO_32_BIT_CONVERSION = YES;
				GCC_WARN_ABOUT_RETURN_TYPE = YES_ERROR;
				GCC_WARN_UNDECLARED_SELECTOR = YES;
				GCC_WARN_UNINITIALIZED_AUTOS = YES;
				GCC_WARN_UNUSED_FUNCTION = YES;
				GCC_WARN_UNUSED_VARIABLE = YES;
				IPHONEOS_DEPLOYMENT_TARGET = 7.0;
				SDKROOT = iphoneos;
				VALIDATE_PRODUCT = YES;
			};
			name = Release;
		};
		8FE3315218255C9D00D0D53B /* Debug */ = {
			isa = XCBuildConfiguration;
			buildSettings = {
				ASSETCATALOG_COMPILER_APPICON_NAME = AppIcon;
				ASSETCATALOG_COMPILER_LAUNCHIMAGE_NAME = LaunchImage;
				GCC_PRECOMPILE_PREFIX_HEADER = YES;
				GCC_PREFIX_HEADER = "week1_assignment/week1_assignment-Prefix.pch";
				INFOPLIST_FILE = "week1_assignment/week1_assignment-Info.plist";
				PRODUCT_NAME = "$(TARGET_NAME)";
				WRAPPER_EXTENSION = app;
			};
			name = Debug;
		};
		8FE3315318255C9D00D0D53B /* Release */ = {
			isa = XCBuildConfiguration;
			buildSettings = {
				ASSETCATALOG_COMPILER_APPICON_NAME = AppIcon;
				ASSETCATALOG_COMPILER_LAUNCHIMAGE_NAME = LaunchImage;
				GCC_PRECOMPILE_PREFIX_HEADER = YES;
				GCC_PREFIX_HEADER = "week1_assignment/week1_assignment-Prefix.pch";
				INFOPLIST_FILE = "week1_assignment/week1_assignment-Info.plist";
				PRODUCT_NAME = "$(TARGET_NAME)";
				WRAPPER_EXTENSION = app;
			};
			name = Release;
		};
		8FE3315518255C9D00D0D53B /* Debug */ = {
			isa = XCBuildConfiguration;
			buildSettings = {
				ARCHS = "$(ARCHS_STANDARD_INCLUDING_64_BIT)";
				BUNDLE_LOADER = "$(BUILT_PRODUCTS_DIR)/week1_assignment.app/week1_assignment";
				FRAMEWORK_SEARCH_PATHS = (
					"$(SDKROOT)/Developer/Library/Frameworks",
					"$(inherited)",
					"$(DEVELOPER_FRAMEWORKS_DIR)",
				);
				GCC_PRECOMPILE_PREFIX_HEADER = YES;
				GCC_PREFIX_HEADER = "week1_assignment/week1_assignment-Prefix.pch";
				GCC_PREPROCESSOR_DEFINITIONS = (
					"DEBUG=1",
					"$(inherited)",
				);
				INFOPLIST_FILE = "week1_assignmentTests/week1_assignmentTests-Info.plist";
				PRODUCT_NAME = "$(TARGET_NAME)";
				TEST_HOST = "$(BUNDLE_LOADER)";
				WRAPPER_EXTENSION = xctest;
			};
			name = Debug;
		};
		8FE3315618255C9D00D0D53B /* Release */ = {
			isa = XCBuildConfiguration;
			buildSettings = {
				ARCHS = "$(ARCHS_STANDARD_INCLUDING_64_BIT)";
				BUNDLE_LOADER = "$(BUILT_PRODUCTS_DIR)/week1_assignment.app/week1_assignment";
				FRAMEWORK_SEARCH_PATHS = (
					"$(SDKROOT)/Developer/Library/Frameworks",
					"$(inherited)",
					"$(DEVELOPER_FRAMEWORKS_DIR)",
				);
				GCC_PRECOMPILE_PREFIX_HEADER = YES;
				GCC_PREFIX_HEADER = "week1_assignment/week1_assignment-Prefix.pch";
				INFOPLIST_FILE = "week1_assignmentTests/week1_assignmentTests-Info.plist";
				PRODUCT_NAME = "$(TARGET_NAME)";
				TEST_HOST = "$(BUNDLE_LOADER)";
				WRAPPER_EXTENSION = xctest;
			};
			name = Release;
		};
/* End XCBuildConfiguration section */

/* Begin XCConfigurationList section */
		8FE3311A18255C9D00D0D53B /* Build configuration list for PBXProject "week1_assignment" */ = {
			isa = XCConfigurationList;
			buildConfigurations = (
				8FE3314F18255C9D00D0D53B /* Debug */,
				8FE3315018255C9D00D0D53B /* Release */,
			);
			defaultConfigurationIsVisible = 0;
			defaultConfigurationName = Release;
		};
		8FE3315118255C9D00D0D53B /* Build configuration list for PBXNativeTarget "week1_assignment" */ = {
			isa = XCConfigurationList;
			buildConfigurations = (
				8FE3315218255C9D00D0D53B /* Debug */,
				8FE3315318255C9D00D0D53B /* Release */,
			);
			defaultConfigurationIsVisible = 0;
		};
		8FE3315418255C9D00D0D53B /* Build configuration list for PBXNativeTarget "week1_assignmentTests" */ = {
			isa = XCConfigurationList;
			buildConfigurations = (
				8FE3315518255C9D00D0D53B /* Debug */,
				8FE3315618255C9D00D0D53B /* Release */,
			);
			defaultConfigurationIsVisible = 0;
		};
/* End XCConfigurationList section */
	};
	rootObject = 8FE3311718255C9D00D0D53B /* Project object */;
}
